
Microsoft Visual Studio Solution File, Format Version 12.00
# Visual Studio 14
VisualStudioVersion = 14.0.25420.1
MinimumVisualStudioVersion = 10.0.40219.1
Project("{2150E333-8FDC-42A3-9474-1A3956D46DE8}") = "src", "src", "{08A2DAB8-3FC6-4CD8-9075-AE7F22D2A5D0}"
EndProject
Project("{2150E333-8FDC-42A3-9474-1A3956D46DE8}") = "Solution Items", "Solution Items", "{CFF3F369-BCDB-4719-B67F-574558565666}"
	ProjectSection(SolutionItems) = preProject
		global.json = global.json
	EndProjectSection
EndProject
Project("{8BB2217D-0F2D-49D1-97BC-3654ED321F3B}") = "App", "src\App\App.xproj", "{71FC67F2-1661-4264-906D-EB92D6E58067}"
EndProject
Global
	GlobalSection(SolutionConfigurationPlatforms) = preSolution
		Debug|Any CPU = Debug|Any CPU
		Release|Any CPU = Release|Any CPU
	EndGlobalSection
	GlobalSection(ProjectConfigurationPlatforms) = postSolution
		{71FC67F2-1661-4264-906D-EB92D6E58067}.Debug|Any CPU.ActiveCfg = Debug|Any CPU
		{71FC67F2-1661-4264-906D-EB92D6E58067}.Debug|Any CPU.Build.0 = Debug|Any CPU
		{71FC67F2-1661-4264-906D-EB92D6E58067}.Release|Any CPU.ActiveCfg = Release|Any CPU
		{71FC67F2-1661-4264-906D-EB92D6E58067}.Release|Any CPU.Build.0 = Release|Any CPU
	EndGlobalSection
	GlobalSection(SolutionProperties) = preSolution
		HideSolutionNode = FALSE
	EndGlobalSection
	GlobalSection(NestedProjects) = preSolution
		{71FC67F2-1661-4264-906D-EB92D6E58067} = {08A2DAB8-3FC6-4CD8-9075-AE7F22D2A5D0}
	EndGlobalSection
EndGlobal
